
Microsoft Visual Studio Solution File, Format Version 12.00
# Visual Studio Version 17
VisualStudioVersion = 17.10.35004.147
MinimumVisualStudioVersion = 10.0.40219.1
Project("{FAE04EC0-301F-11D3-BF4B-00C04F79EFBC}") = "whiteboard-challenges", "whiteboard-challenges.csproj", "{19A36497-AB5C-46D7-8E1E-4326FF5BC666}"
EndProject
Project("{FAE04EC0-301F-11D3-BF4B-00C04F79EFBC}") = "Test-whiteboard-challenges", "..\Test-whiteboard-challenges\Test-whiteboard-challenges.csproj", "{3B36639E-D9EF-45D7-8EE6-5124488F9475}"
EndProject
Project("{2150E333-8FDC-42A3-9474-1A3956D46DE8}") = "assets", "assets", "{1AA72D5F-0A94-4619-8583-96925A4313CC}"
EndProject
Global
	GlobalSection(SolutionConfigurationPlatforms) = preSolution
		Debug|Any CPU = Debug|Any CPU
		Release|Any CPU = Release|Any CPU
	EndGlobalSection
	GlobalSection(ProjectConfigurationPlatforms) = postSolution
		{19A36497-AB5C-46D7-8E1E-4326FF5BC666}.Debug|Any CPU.ActiveCfg = Debug|Any CPU
		{19A36497-AB5C-46D7-8E1E-4326FF5BC666}.Debug|Any CPU.Build.0 = Debug|Any CPU
		{19A36497-AB5C-46D7-8E1E-4326FF5BC666}.Release|Any CPU.ActiveCfg = Release|Any CPU
		{19A36497-AB5C-46D7-8E1E-4326FF5BC666}.Release|Any CPU.Build.0 = Release|Any CPU
		{3B36639E-D9EF-45D7-8EE6-5124488F9475}.Debug|Any CPU.ActiveCfg = Debug|Any CPU
		{3B36639E-D9EF-45D7-8EE6-5124488F9475}.Debug|Any CPU.Build.0 = Debug|Any CPU
		{3B36639E-D9EF-45D7-8EE6-5124488F9475}.Release|Any CPU.ActiveCfg = Release|Any CPU
		{3B36639E-D9EF-45D7-8EE6-5124488F9475}.Release|Any CPU.Build.0 = Release|Any CPU
	EndGlobalSection
	GlobalSection(SolutionProperties) = preSolution
		HideSolutionNode = FALSE
	EndGlobalSection
	GlobalSection(ExtensibilityGlobals) = postSolution
		SolutionGuid = {45717DFE-F5A0-4BE0-BCB1-FC7B34250EAA}
	EndGlobalSection
EndGlobal
