
Microsoft Visual Studio Solution File, Format Version 12.00
# Visual Studio Version 17
VisualStudioVersion = 17.10.35004.147
MinimumVisualStudioVersion = 10.0.40219.1
Project("{FAE04EC0-301F-11D3-BF4B-00C04F79EFBC}") = "LinkedList", "LinkedList.csproj", "{63397990-BE73-42F6-BA4C-96F4FED03E16}"
EndProject
Project("{FAE04EC0-301F-11D3-BF4B-00C04F79EFBC}") = "TestLinkedList", "..\..\TestLinkedList\TestLinkedList.csproj", "{7867D5BF-A457-47A1-A70E-F3DCC7BE9B12}"
EndProject
Global
	GlobalSection(SolutionConfigurationPlatforms) = preSolution
		Debug|Any CPU = Debug|Any CPU
		Release|Any CPU = Release|Any CPU
	EndGlobalSection
	GlobalSection(ProjectConfigurationPlatforms) = postSolution
		{63397990-BE73-42F6-BA4C-96F4FED03E16}.Debug|Any CPU.ActiveCfg = Debug|Any CPU
		{63397990-BE73-42F6-BA4C-96F4FED03E16}.Debug|Any CPU.Build.0 = Debug|Any CPU
		{63397990-BE73-42F6-BA4C-96F4FED03E16}.Release|Any CPU.ActiveCfg = Release|Any CPU
		{63397990-BE73-42F6-BA4C-96F4FED03E16}.Release|Any CPU.Build.0 = Release|Any CPU
		{7867D5BF-A457-47A1-A70E-F3DCC7BE9B12}.Debug|Any CPU.ActiveCfg = Debug|Any CPU
		{7867D5BF-A457-47A1-A70E-F3DCC7BE9B12}.Debug|Any CPU.Build.0 = Debug|Any CPU
		{7867D5BF-A457-47A1-A70E-F3DCC7BE9B12}.Release|Any CPU.ActiveCfg = Release|Any CPU
		{7867D5BF-A457-47A1-A70E-F3DCC7BE9B12}.Release|Any CPU.Build.0 = Release|Any CPU
	EndGlobalSection
	GlobalSection(SolutionProperties) = preSolution
		HideSolutionNode = FALSE
	EndGlobalSection
	GlobalSection(ExtensibilityGlobals) = postSolution
		SolutionGuid = {23A72AE2-A69E-40FE-8287-856F89E18685}
	EndGlobalSection
EndGlobal
